
Microsoft Visual Studio Solution File, Format Version 12.00
# Visual Studio 15
VisualStudioVersion = 15.0.28307.757
MinimumVisualStudioVersion = 10.0.40219.1
Project("{9A19103F-16F7-4668-BE54-9A1E7A4F7556}") = "Kobe", "Kobe\Kobe.csproj", "{EA3C94F8-804C-48F1-98F0-6EC4B2035210}"
EndProject
Project("{9A19103F-16F7-4668-BE54-9A1E7A4F7556}") = "Kobe.Data", "Kobe.Data\Kobe.Data.csproj", "{D0FEDE45-2F54-42CF-8EA3-9CCA262EBB2A}"
EndProject
Project("{9A19103F-16F7-4668-BE54-9A1E7A4F7556}") = "Kobe.Domain", "Kobe.Domain\Kobe.Domain.csproj", "{8A97B973-3504-47A5-8CFA-9CD6D848F4DA}"
EndProject
Project("{9A19103F-16F7-4668-BE54-9A1E7A4F7556}") = "Kobe.Service", "Kobe.Service\Kobe.Service.csproj", "{353DA390-D30F-4730-9378-541E9B913BA4}"
EndProject
Project("{FAE04EC0-301F-11D3-BF4B-00C04F79EFBC}") = "Kobe.Common", "Kobe.Common\Kobe.Common.csproj", "{5C23AE5A-3831-446F-ADF4-665140D150BB}"
EndProject
Global
	GlobalSection(SolutionConfigurationPlatforms) = preSolution
		Debug|Any CPU = Debug|Any CPU
		Release|Any CPU = Release|Any CPU
	EndGlobalSection
	GlobalSection(ProjectConfigurationPlatforms) = postSolution
		{EA3C94F8-804C-48F1-98F0-6EC4B2035210}.Debug|Any CPU.ActiveCfg = Debug|Any CPU
		{EA3C94F8-804C-48F1-98F0-6EC4B2035210}.Debug|Any CPU.Build.0 = Debug|Any CPU
		{EA3C94F8-804C-48F1-98F0-6EC4B2035210}.Release|Any CPU.ActiveCfg = Release|Any CPU
		{EA3C94F8-804C-48F1-98F0-6EC4B2035210}.Release|Any CPU.Build.0 = Release|Any CPU
		{D0FEDE45-2F54-42CF-8EA3-9CCA262EBB2A}.Debug|Any CPU.ActiveCfg = Debug|Any CPU
		{D0FEDE45-2F54-42CF-8EA3-9CCA262EBB2A}.Debug|Any CPU.Build.0 = Debug|Any CPU
		{D0FEDE45-2F54-42CF-8EA3-9CCA262EBB2A}.Release|Any CPU.ActiveCfg = Release|Any CPU
		{D0FEDE45-2F54-42CF-8EA3-9CCA262EBB2A}.Release|Any CPU.Build.0 = Release|Any CPU
		{8A97B973-3504-47A5-8CFA-9CD6D848F4DA}.Debug|Any CPU.ActiveCfg = Debug|Any CPU
		{8A97B973-3504-47A5-8CFA-9CD6D848F4DA}.Debug|Any CPU.Build.0 = Debug|Any CPU
		{8A97B973-3504-47A5-8CFA-9CD6D848F4DA}.Release|Any CPU.ActiveCfg = Release|Any CPU
		{8A97B973-3504-47A5-8CFA-9CD6D848F4DA}.Release|Any CPU.Build.0 = Release|Any CPU
		{353DA390-D30F-4730-9378-541E9B913BA4}.Debug|Any CPU.ActiveCfg = Debug|Any CPU
		{353DA390-D30F-4730-9378-541E9B913BA4}.Debug|Any CPU.Build.0 = Debug|Any CPU
		{353DA390-D30F-4730-9378-541E9B913BA4}.Release|Any CPU.ActiveCfg = Release|Any CPU
		{353DA390-D30F-4730-9378-541E9B913BA4}.Release|Any CPU.Build.0 = Release|Any CPU
		{5C23AE5A-3831-446F-ADF4-665140D150BB}.Debug|Any CPU.ActiveCfg = Debug|Any CPU
		{5C23AE5A-3831-446F-ADF4-665140D150BB}.Debug|Any CPU.Build.0 = Debug|Any CPU
		{5C23AE5A-3831-446F-ADF4-665140D150BB}.Release|Any CPU.ActiveCfg = Release|Any CPU
		{5C23AE5A-3831-446F-ADF4-665140D150BB}.Release|Any CPU.Build.0 = Release|Any CPU
	EndGlobalSection
	GlobalSection(SolutionProperties) = preSolution
		HideSolutionNode = FALSE
	EndGlobalSection
	GlobalSection(ExtensibilityGlobals) = postSolution
		SolutionGuid = {E93BFFAF-D73D-4F43-AAE8-400DC7BB4907}
	EndGlobalSection
EndGlobal
